
Microsoft Visual Studio Solution File, Format Version 12.00
# Visual Studio Version 16
VisualStudioVersion = 16.0.29306.81
MinimumVisualStudioVersion = 10.0.40219.1
Project("{FAE04EC0-301F-11D3-BF4B-00C04F79EFBC}") = "DomZdravlja", "DomZdravlja\DomZdravlja.csproj", "{2D76CFD7-B982-4FDA-B9EF-FB07C13A4ACA}"
EndProject
Global
	GlobalSection(SolutionConfigurationPlatforms) = preSolution
		Debug|Any CPU = Debug|Any CPU
		Release|Any CPU = Release|Any CPU
	EndGlobalSection
	GlobalSection(ProjectConfigurationPlatforms) = postSolution
		{2D76CFD7-B982-4FDA-B9EF-FB07C13A4ACA}.Debug|Any CPU.ActiveCfg = Debug|Any CPU
		{2D76CFD7-B982-4FDA-B9EF-FB07C13A4ACA}.Debug|Any CPU.Build.0 = Debug|Any CPU
		{2D76CFD7-B982-4FDA-B9EF-FB07C13A4ACA}.Release|Any CPU.ActiveCfg = Release|Any CPU
		{2D76CFD7-B982-4FDA-B9EF-FB07C13A4ACA}.Release|Any CPU.Build.0 = Release|Any CPU
	EndGlobalSection
	GlobalSection(SolutionProperties) = preSolution
		HideSolutionNode = FALSE
	EndGlobalSection
	GlobalSection(ExtensibilityGlobals) = postSolution
		SolutionGuid = {1BB231BE-F708-42FA-BFCD-B7C6047F07C0}
	EndGlobalSection
EndGlobal
